PODS:
  - R.swift (5.0.0):
    - R.swift.Library (~> 5.0.0)
  - R.swift.Library (5.0.0)

DEPENDENCIES:
  - R.swift (= 5.0.0)

SPEC CHECKSUMS:
  R.swift: f88c7d7d48a2be4dffa132dde1b3d389620310eb
  R.swift.Library: 0bf390e729bc10bb2c9e4fb78bd043164a7be4ff

PODFILE CHECKSUM: ade567c4cad0bcb23b1679ee03e2c9b7881bc1e8

COCOAPODS: 1.4.0
